
Microsoft Visual Studio Solution File, Format Version 12.00
# Visual Studio 15
VisualStudioVersion = 15.0.27130.2010
MinimumVisualStudioVersion = 10.0.40219.1
Project("{FAE04EC0-301F-11D3-BF4B-00C04F79EFBC}") = "ControlFlowExercises", "ControlFlowExercises\ControlFlowExercises.csproj", "{57E82592-9C2F-46AF-8B06-CD77553FA7BB}"
EndProject
Global
	GlobalSection(SolutionConfigurationPlatforms) = preSolution
		Debug|Any CPU = Debug|Any CPU
		Release|Any CPU = Release|Any CPU
	EndGlobalSection
	GlobalSection(ProjectConfigurationPlatforms) = postSolution
		{57E82592-9C2F-46AF-8B06-CD77553FA7BB}.Debug|Any CPU.ActiveCfg = Debug|Any CPU
		{57E82592-9C2F-46AF-8B06-CD77553FA7BB}.Debug|Any CPU.Build.0 = Debug|Any CPU
		{57E82592-9C2F-46AF-8B06-CD77553FA7BB}.Release|Any CPU.ActiveCfg = Release|Any CPU
		{57E82592-9C2F-46AF-8B06-CD77553FA7BB}.Release|Any CPU.Build.0 = Release|Any CPU
	EndGlobalSection
	GlobalSection(SolutionProperties) = preSolution
		HideSolutionNode = FALSE
	EndGlobalSection
	GlobalSection(ExtensibilityGlobals) = postSolution
		SolutionGuid = {0841C63C-8D90-4103-B038-834BC7A12F05}
	EndGlobalSection
EndGlobal
